
Microsoft Visual Studio Solution File, Format Version 12.00
# Visual Studio Version 17
VisualStudioVersion = 17.14.36915.13 d17.14
MinimumVisualStudioVersion = 10.0.40219.1
Project("{FAE04EC0-301F-11D3-BF4B-00C04F79EFBC}") = "SharedUI", "SharedUI\SharedUI.csproj", "{1DEB88BB-E934-4338-97A2-92DD939BB86B}"
EndProject
Project("{FAE04EC0-301F-11D3-BF4B-00C04F79EFBC}") = "OrganisationSetup", "OrganisationSetup\OrganisationSetup.csproj", "{46CAD667-B872-4033-8539-72CA7D467571}"
EndProject
Project("{FAE04EC0-301F-11D3-BF4B-00C04F79EFBC}") = "GateWay", "GateWay\GateWay.csproj", "{98628586-6044-44C9-88C0-2279B83CB037}"
EndProject
Project("{FAE04EC0-301F-11D3-BF4B-00C04F79EFBC}") = "IMSClothHouse", "IMSClothHouse\IMSClothHouse.csproj", "{C68C7D64-EBB2-426E-AD73-43150392030B}"
EndProject
Global
	GlobalSection(SolutionConfigurationPlatforms) = preSolution
		Debug|Any CPU = Debug|Any CPU
		Release|Any CPU = Release|Any CPU
	EndGlobalSection
	GlobalSection(ProjectConfigurationPlatforms) = postSolution
		{1DEB88BB-E934-4338-97A2-92DD939BB86B}.Debug|Any CPU.ActiveCfg = Debug|Any CPU
		{1DEB88BB-E934-4338-97A2-92DD939BB86B}.Debug|Any CPU.Build.0 = Debug|Any CPU
		{1DEB88BB-E934-4338-97A2-92DD939BB86B}.Release|Any CPU.ActiveCfg = Release|Any CPU
		{1DEB88BB-E934-4338-97A2-92DD939BB86B}.Release|Any CPU.Build.0 = Release|Any CPU
		{46CAD667-B872-4033-8539-72CA7D467571}.Debug|Any CPU.ActiveCfg = Debug|Any CPU
		{46CAD667-B872-4033-8539-72CA7D467571}.Debug|Any CPU.Build.0 = Debug|Any CPU
		{46CAD667-B872-4033-8539-72CA7D467571}.Release|Any CPU.ActiveCfg = Release|Any CPU
		{46CAD667-B872-4033-8539-72CA7D467571}.Release|Any CPU.Build.0 = Release|Any CPU
		{98628586-6044-44C9-88C0-2279B83CB037}.Debug|Any CPU.ActiveCfg = Debug|Any CPU
		{98628586-6044-44C9-88C0-2279B83CB037}.Debug|Any CPU.Build.0 = Debug|Any CPU
		{98628586-6044-44C9-88C0-2279B83CB037}.Release|Any CPU.ActiveCfg = Release|Any CPU
		{98628586-6044-44C9-88C0-2279B83CB037}.Release|Any CPU.Build.0 = Release|Any CPU
		{C68C7D64-EBB2-426E-AD73-43150392030B}.Debug|Any CPU.ActiveCfg = Debug|Any CPU
		{C68C7D64-EBB2-426E-AD73-43150392030B}.Debug|Any CPU.Build.0 = Debug|Any CPU
		{C68C7D64-EBB2-426E-AD73-43150392030B}.Release|Any CPU.ActiveCfg = Release|Any CPU
		{C68C7D64-EBB2-426E-AD73-43150392030B}.Release|Any CPU.Build.0 = Release|Any CPU
	EndGlobalSection
	GlobalSection(SolutionProperties) = preSolution
		HideSolutionNode = FALSE
	EndGlobalSection
	GlobalSection(ExtensibilityGlobals) = postSolution
		SolutionGuid = {10B665BB-67A8-435E-81A2-B24FA64F6B27}
	EndGlobalSection
EndGlobal
